
Microsoft Visual Studio Solution File, Format Version 12.00
# Visual Studio 15
VisualStudioVersion = 15.0.27130.2036
MinimumVisualStudioVersion = 10.0.40219.1
Project("{FAE04EC0-301F-11D3-BF4B-00C04F79EFBC}") = "CQRSTemplate", "CQRSTemplate\CQRSTemplate.csproj", "{FCEEC097-2DE0-493E-9533-81A372662425}"
EndProject
Global
	GlobalSection(SolutionConfigurationPlatforms) = preSolution
		Debug|Any CPU = Debug|Any CPU
		Release|Any CPU = Release|Any CPU
	EndGlobalSection
	GlobalSection(ProjectConfigurationPlatforms) = postSolution
		{FCEEC097-2DE0-493E-9533-81A372662425}.Debug|Any CPU.ActiveCfg = Debug|Any CPU
		{FCEEC097-2DE0-493E-9533-81A372662425}.Debug|Any CPU.Build.0 = Debug|Any CPU
		{FCEEC097-2DE0-493E-9533-81A372662425}.Release|Any CPU.ActiveCfg = Release|Any CPU
		{FCEEC097-2DE0-493E-9533-81A372662425}.Release|Any CPU.Build.0 = Release|Any CPU
	EndGlobalSection
	GlobalSection(SolutionProperties) = preSolution
		HideSolutionNode = FALSE
	EndGlobalSection
	GlobalSection(ExtensibilityGlobals) = postSolution
		SolutionGuid = {432E485F-BA16-40AA-8A06-F3D1586E82D3}
	EndGlobalSection
EndGlobal
